{
  "name": "library",
  "version": "1.0.0",
  "lockfileVersion": 2,
  "requires": true,
  "packages": {
    "": {
      "name": "library",
      "version": "1.0.0",
      "license": "ISC",
      "dependencies": {
        "@chetakogo/ajs": "^1.0.0"
      }
    },
    "node_modules/@chetakogo/ajs": {
      "version": "1.0.0",
      "resolved": "https://npm.pkg.github.com/download/@chetakogo/ajs/1.0.0/d53a550059f81c323bf947c913550ebdf2ae79c5cc652d756f88acb0c047eb8b",
      "integrity": "sha512-42vVN6vi7n/5HLMcWIgx5aNtiO2PbcZ1nmvLmBQNGeKPdm/cc02emKzHI58Vg3IJhrtYPSMhW2/qUkL1OaYPqQ==",
      "license": "ISC"
    }
  },
  "dependencies": {
    "@chetakogo/ajs": {
      "version": "1.0.0",
      "resolved": "https://npm.pkg.github.com/download/@chetakogo/ajs/1.0.0/d53a550059f81c323bf947c913550ebdf2ae79c5cc652d756f88acb0c047eb8b",
      "integrity": "sha512-42vVN6vi7n/5HLMcWIgx5aNtiO2PbcZ1nmvLmBQNGeKPdm/cc02emKzHI58Vg3IJhrtYPSMhW2/qUkL1OaYPqQ=="
    }
  }
}
